// !$*UTF8*$!
{
	archiveVersion = 1;
	classes = {
	};
	objectVersion = 46;
	objects = {

/* Begin PBXBuildFile section */
		683C78B81EBECA9F009EE49F /* AppDelegate.swift in Sources */ = {isa = PBXBuildFile; fileRef = 683C78B71EBECA9F009EE49F /* AppDelegate.swift */; };
		683C78BA1EBECA9F009EE49F /* ViewController.swift in Sources */ = {isa = PBXBuildFile; fileRef = 683C78B91EBECA9F009EE49F /* ViewController.swift */; };
		683C78BD1EBECA9F009EE49F /* Main.storyboard in Resources */ = {isa = PBXBuildFile; fileRef = 683C78BB1EBECA9F009EE49F /* Main.storyboard */; };
		683C78BF1EBECA9F009EE49F /* Assets.xcassets in Resources */ = {isa = PBXBuildFile; fileRef = 683C78BE1EBECA9F009EE49F /* Assets.xcassets */; };
		683C78C21EBECA9F009EE49F /* LaunchScreen.storyboard in Resources */ = {isa = PBXBuildFile; fileRef = 683C78C01EBECA9F009EE49F /* LaunchScreen.storyboard */; };
		683C78CD1EBECA9F009EE49F /* My_1st_test_AppTests.swift in Sources */ = {isa = PBXBuildFile; fileRef = 683C78CC1EBECA9F009EE49F /* My_1st_test_AppTests.swift */; };
		683C78D81EBECA9F009EE49F /* My_1st_test_AppUITests.swift in Sources */ = {isa = PBXBuildFile; fileRef = 683C78D71EBECA9F009EE49F /* My_1st_test_AppUITests.swift */; };
/* End PBXBuildFile section */

/* Begin PBXContainerItemProxy section */
		683C78C91EBECA9F009EE49F /* PBXContainerItemProxy */ = {
			isa = PBXContainerItemProxy;
			containerPortal = 683C78AC1EBECA9F009EE49F /* Project object */;
			proxyType = 1;
			remoteGlobalIDString = 683C78B31EBECA9F009EE49F;
			remoteInfo = "My 1st test App";
		};
		683C78D41EBECA9F009EE49F /* PBXContainerItemProxy */ = {
			isa = PBXContainerItemProxy;
			containerPortal = 683C78AC1EBECA9F009EE49F /* Project object */;
			proxyType = 1;
			remoteGlobalIDString = 683C78B31EBECA9F009EE49F;
			remoteInfo = "My 1st test App";
		};
/* End PBXContainerItemProxy section */

/* Begin PBXFileReference section */
		683C78B41EBECA9F009EE49F /* My 1st test App.app */ = {isa = PBXFileReference; explicitFileType = wrapper.application; includeInIndex = 0; path = "My 1st test App.app"; sourceTree = BUILT_PRODUCTS_DIR; };
		683C78B71EBECA9F009EE49F /* AppDelegate.swift */ = {isa = PBXFileReference; lastKnownFileType = sourcecode.swift; path = AppDelegate.swift; sourceTree = "<group>"; };
		683C78B91EBECA9F009EE49F /* ViewController.swift */ = {isa = PBXFileReference; lastKnownFileType = sourcecode.swift; path = ViewController.swift; sourceTree = "<group>"; };
		683C78BC1EBECA9F009EE49F /* Base */ = {isa = PBXFileReference; lastKnownFileType = file.storyboard; name = Base; path = Base.lproj/Main.storyboard; sourceTree = "<group>"; };
		683C78BE1EBECA9F009EE49F /* Assets.xcassets */ = {isa = PBXFileReference; lastKnownFileType = folder.assetcatalog; path = Assets.xcassets; sourceTree = "<group>"; };
		683C78C11EBECA9F009EE49F /* Base */ = {isa = PBXFileReference; lastKnownFileType = file.storyboard; name = Base; path = Base.lproj/LaunchScreen.storyboard; sourceTree = "<group>"; };
		683C78C31EBECA9F009EE49F /* Info.plist */ = {isa = PBXFileReference; lastKnownFileType = text.plist.xml; path = Info.plist; sourceTree = "<group>"; };
		683C78C81EBECA9F009EE49F /* My 1st test AppTests.xctest */ = {isa = PBXFileReference; explicitFileType = wrapper.cfbundle; includeInIndex = 0; path = "My 1st test AppTests.xctest"; sourceTree = BUILT_PRODUCTS_DIR; };
		683C78CC1EBECA9F009EE49F /* My_1st_test_AppTests.swift */ = {isa = PBXFileReference; lastKnownFileType = sourcecode.swift; path = My_1st_test_AppTests.swift; sourceTree = "<group>"; };
		683C78CE1EBECA9F009EE49F /* Info.plist */ = {isa = PBXFileReference; lastKnownFileType = text.plist.xml; path = Info.plist; sourceTree = "<group>"; };
		683C78D31EBECA9F009EE49F /* My 1st test AppUITests.xctest */ = {isa = PBXFileReference; explicitFileType = wrapper.cfbundle; includeInIndex = 0; path = "My 1st test AppUITests.xctest"; sourceTree = BUILT_PRODUCTS_DIR; };
		683C78D71EBECA9F009EE49F /* My_1st_test_AppUITests.swift */ = {isa = PBXFileReference; lastKnownFileType = sourcecode.swift; path = My_1st_test_AppUITests.swift; sourceTree = "<group>"; };
		683C78D91EBECA9F009EE49F /* Info.plist */ = {isa = PBXFileReference; lastKnownFileType = text.plist.xml; path = Info.plist; sourceTree = "<group>"; };
/* End PBXFileReference section */

/* Begin PBXFrameworksBuildPhase section */
		683C78B11EBECA9F009EE49F /* Frameworks */ = {
			isa = PBXFrameworksBuildPhase;
			buildActionMask = 2147483647;
			files = (
			);
			runOnlyForDeploymentPostprocessing = 0;
		};
		683C78C51EBECA9F009EE49F /* Frameworks */ = {
			isa = PBXFrameworksBuildPhase;
			buildActionMask = 2147483647;
			files = (
			);
			runOnlyForDeploymentPostprocessing = 0;
		};
		683C78D01EBECA9F009EE49F /* Frameworks */ = {
			isa = PBXFrameworksBuildPhase;
			buildActionMask = 2147483647;
			files = (
			);
			runOnlyForDeploymentPostprocessing = 0;
		};
/* End PBXFrameworksBuildPhase section */

/* Begin PBXGroup section */
		683C78AB1EBECA9F009EE49F = {
			isa = PBXGroup;
			children = (
				683C78B61EBECA9F009EE49F /* My 1st test App */,
				683C78CB1EBECA9F009EE49F /* My 1st test AppTests */,
				683C78D61EBECA9F009EE49F /* My 1st test AppUITests */,
				683C78B51EBECA9F009EE49F /* Products */,
			);
			sourceTree = "<group>";
		};
		683C78B51EBECA9F009EE49F /* Products */ = {
			isa = PBXGroup;
			children = (
				683C78B41EBECA9F009EE49F /* My 1st test App.app */,
				683C78C81EBECA9F009EE49F /* My 1st test AppTests.xctest */,
				683C78D31EBECA9F009EE49F /* My 1st test AppUITests.xctest */,
			);
			name = Products;
			sourceTree = "<group>";
		};
		683C78B61EBECA9F009EE49F /* My 1st test App */ = {
			isa = PBXGroup;
			children = (
				683C78B71EBECA9F009EE49F /* AppDelegate.swift */,
				683C78B91EBECA9F009EE49F /* ViewController.swift */,
				683C78BB1EBECA9F009EE49F /* Main.storyboard */,
				683C78BE1EBECA9F009EE49F /* Assets.xcassets */,
				683C78C01EBECA9F009EE49F /* LaunchScreen.storyboard */,
				683C78C31EBECA9F009EE49F /* Info.plist */,
			);
			path = "My 1st test App";
			sourceTree = "<group>";
		};
		683C78CB1EBECA9F009EE49F /* My 1st test AppTests */ = {
			isa = PBXGroup;
			children = (
				683C78CC1EBECA9F009EE49F /* My_1st_test_AppTests.swift */,
				683C78CE1EBECA9F009EE49F /* Info.plist */,
			);
			path = "My 1st test AppTests";
			sourceTree = "<group>";
		};
		683C78D61EBECA9F009EE49F /* My 1st test AppUITests */ = {
			isa = PBXGroup;
			children = (
				683C78D71EBECA9F009EE49F /* My_1st_test_AppUITests.swift */,
				683C78D91EBECA9F009EE49F /* Info.plist */,
			);
			path = "My 1st test AppUITests";
			sourceTree = "<group>";
		};
/* End PBXGroup section */

/* Begin PBXNativeTarget section */
		683C78B31EBECA9F009EE49F /* My 1st test App */ = {
			isa = PBXNativeTarget;
			buildConfigurationList = 683C78DC1EBECA9F009EE49F /* Build configuration list for PBXNativeTarget "My 1st test App" */;
			buildPhases = (
				683C78B01EBECA9F009EE49F /* Sources */,
				683C78B11EBECA9F009EE49F /* Frameworks */,
				683C78B21EBECA9F009EE49F /* Resources */,
			);
			buildRules = (
			);
			dependencies = (
			);
			name = "My 1st test App";
			productName = "My 1st test App";
			productReference = 683C78B41EBECA9F009EE49F /* My 1st test App.app */;
			productType = "com.apple.product-type.application";
		};
		683C78C71EBECA9F009EE49F /* My 1st test AppTests */ = {
			isa = PBXNativeTarget;
			buildConfigurationList = 683C78DF1EBECA9F009EE49F /* Build configuration list for PBXNativeTarget "My 1st test AppTests" */;
			buildPhases = (
				683C78C41EBECA9F009EE49F /* Sources */,
				683C78C51EBECA9F009EE49F /* Frameworks */,
				683C78C61EBECA9F009EE49F /* Resources */,
			);
			buildRules = (
			);
			dependencies = (
				683C78CA1EBECA9F009EE49F /* PBXTargetDependency */,
			);
			name = "My 1st test AppTests";
			productName = "My 1st test AppTests";
			productReference = 683C78C81EBECA9F009EE49F /* My 1st test AppTests.xctest */;
			productType = "com.apple.product-type.bundle.unit-test";
		};
		683C78D21EBECA9F009EE49F /* My 1st test AppUITests */ = {
			isa = PBXNativeTarget;
			buildConfigurationList = 683C78E21EBECA9F009EE49F /* Build configuration list for PBXNativeTarget "My 1st test AppUITests" */;
			buildPhases = (
				683C78CF1EBECA9F009EE49F /* Sources */,
				683C78D01EBECA9F009EE49F /* Frameworks */,
				683C78D11EBECA9F009EE49F /* Resources */,
			);
			buildRules = (
			);
			dependencies = (
				683C78D51EBECA9F009EE49F /* PBXTargetDependency */,
			);
			name = "My 1st test AppUITests";
			productName = "My 1st test AppUITests";
			productReference = 683C78D31EBECA9F009EE49F /* My 1st test AppUITests.xctest */;
			productType = "com.apple.product-type.bundle.ui-testing";
		};
/* End PBXNativeTarget section */

/* Begin PBXProject section */
		683C78AC1EBECA9F009EE49F /* Project object */ = {
			isa = PBXProject;
			attributes = {
				LastSwiftUpdateCheck = 0830;
				LastUpgradeCheck = 0830;
				ORGANIZATIONNAME = "浅香祐輔";
				TargetAttributes = {
					683C78B31EBECA9F009EE49F = {
						CreatedOnToolsVersion = 8.3.2;
						ProvisioningStyle = Automatic;
					};
					683C78C71EBECA9F009EE49F = {
						CreatedOnToolsVersion = 8.3.2;
						ProvisioningStyle = Automatic;
						TestTargetID = 683C78B31EBECA9F009EE49F;
					};
					683C78D21EBECA9F009EE49F = {
						CreatedOnToolsVersion = 8.3.2;
						ProvisioningStyle = Automatic;
						TestTargetID = 683C78B31EBECA9F009EE49F;
					};
				};
			};
			buildConfigurationList = 683C78AF1EBECA9F009EE49F /* Build configuration list for PBXProject "My 1st test App" */;
			compatibilityVersion = "Xcode 3.2";
			developmentRegion = English;
			hasScannedForEncodings = 0;
			knownRegions = (
				en,
				Base,
			);
			mainGroup = 683C78AB1EBECA9F009EE49F;
			productRefGroup = 683C78B51EBECA9F009EE49F /* Products */;
			projectDirPath = "";
			projectRoot = "";
			targets = (
				683C78B31EBECA9F009EE49F /* My 1st test App */,
				683C78C71EBECA9F009EE49F /* My 1st test AppTests */,
				683C78D21EBECA9F009EE49F /* My 1st test AppUITests */,
			);
		};
/* End PBXProject section */

/* Begin PBXResourcesBuildPhase section */
		683C78B21EBECA9F009EE49F /* Resources */ = {
			isa = PBXResourcesBuildPhase;
			buildActionMask = 2147483647;
			files = (
				683C78C21EBECA9F009EE49F /* LaunchScreen.storyboard in Resources */,
				683C78BF1EBECA9F009EE49F /* Assets.xcassets in Resources */,
				683C78BD1EBECA9F009EE49F /* Main.storyboard in Resources */,
			);
			runOnlyForDeploymentPostprocessing = 0;
		};
		683C78C61EBECA9F009EE49F /* Resources */ = {
			isa = PBXResourcesBuildPhase;
			buildActionMask = 2147483647;
			files = (
			);
			runOnlyForDeploymentPostprocessing = 0;
		};
		683C78D11EBECA9F009EE49F /* Resources */ = {
			isa = PBXResourcesBuildPhase;
			buildActionMask = 2147483647;
			files = (
			);
			runOnlyForDeploymentPostprocessing = 0;
		};
/* End PBXResourcesBuildPhase section */

/* Begin PBXSourcesBuildPhase section */
		683C78B01EBECA9F009EE49F /* Sources */ = {
			isa = PBXSourcesBuildPhase;
			buildActionMask = 2147483647;
			files = (
				683C78BA1EBECA9F009EE49F /* ViewController.swift in Sources */,
				683C78B81EBECA9F009EE49F /* AppDelegate.swift in Sources */,
			);
			runOnlyForDeploymentPostprocessing = 0;
		};
		683C78C41EBECA9F009EE49F /* Sources */ = {
			isa = PBXSourcesBuildPhase;
			buildActionMask = 2147483647;
			files = (
				683C78CD1EBECA9F009EE49F /* My_1st_test_AppTests.swift in Sources */,
			);
			runOnlyForDeploymentPostprocessing = 0;
		};
		683C78CF1EBECA9F009EE49F /* Sources */ = {
			isa = PBXSourcesBuildPhase;
			buildActionMask = 2147483647;
			files = (
				683C78D81EBECA9F009EE49F /* My_1st_test_AppUITests.swift in Sources */,
			);
			runOnlyForDeploymentPostprocessing = 0;
		};
/* End PBXSourcesBuildPhase section */

/* Begin PBXTargetDependency section */
		683C78CA1EBECA9F009EE49F /* PBXTargetDependency */ = {
			isa = PBXTargetDependency;
			target = 683C78B31EBECA9F009EE49F /* My 1st test App */;
			targetProxy = 683C78C91EBECA9F009EE49F /* PBXContainerItemProxy */;
		};
		683C78D51EBECA9F009EE49F /* PBXTargetDependency */ = {
			isa = PBXTargetDependency;
			target = 683C78B31EBECA9F009EE49F /* My 1st test App */;
			targetProxy = 683C78D41EBECA9F009EE49F /* PBXContainerItemProxy */;
		};
/* End PBXTargetDependency section */

/* Begin PBXVariantGroup section */
		683C78BB1EBECA9F009EE49F /* Main.storyboard */ = {
			isa = PBXVariantGroup;
			children = (
				683C78BC1EBECA9F009EE49F /* Base */,
			);
			name = Main.storyboard;
			sourceTree = "<group>";
		};
		683C78C01EBECA9F009EE49F /* LaunchScreen.storyboard */ = {
			isa = PBXVariantGroup;
			children = (
				683C78C11EBECA9F009EE49F /* Base */,
			);
			name = LaunchScreen.storyboard;
			sourceTree = "<group>";
		};
/* End PBXVariantGroup section */

/* Begin XCBuildConfiguration section */
		683C78DA1EBECA9F009EE49F /* Debug */ = {
			isa = XCBuildConfiguration;
			buildSettings = {
				ALWAYS_SEARCH_USER_PATHS = NO;
				CLANG_ANALYZER_NONNULL = YES;
				CLANG_ANALYZER_NUMBER_OBJECT_CONVERSION = YES_AGGRESSIVE;
				CLANG_CXX_LANGUAGE_STANDARD = "gnu++0x";
				CLANG_CXX_LIBRARY = "libc++";
				CLANG_ENABLE_MODULES = YES;
				CLANG_ENABLE_OBJC_ARC = YES;
				CLANG_WARN_BOOL_CONVERSION = YES;
				CLANG_WARN_CONSTANT_CONVERSION = YES;
				CLANG_WARN_DIRECT_OBJC_ISA_USAGE = YES_ERROR;
				CLANG_WARN_DOCUMENTATION_COMMENTS = YES;
				CLANG_WARN_EMPTY_BODY = YES;
				CLANG_WARN_ENUM_CONVERSION = YES;
				CLANG_WARN_INFINITE_RECURSION = YES;
				CLANG_WARN_INT_CONVERSION = YES;
				CLANG_WARN_OBJC_ROOT_CLASS = YES_ERROR;
				CLANG_WARN_SUSPICIOUS_MOVE = YES;
				CLANG_WARN_UNREACHABLE_CODE = YES;
				CLANG_WARN__DUPLICATE_METHOD_MATCH = YES;
				"CODE_SIGN_IDENTITY[sdk=iphoneos*]" = "iPhone Developer";
				COPY_PHASE_STRIP = NO;
				DEBUG_INFORMATION_FORMAT = dwarf;
				ENABLE_STRICT_OBJC_MSGSEND = YES;
				ENABLE_TESTABILITY = YES;
				GCC_C_LANGUAGE_STANDARD = gnu99;
				GCC_DYNAMIC_NO_PIC = NO;
				GCC_NO_COMMON_BLOCKS = YES;
				GCC_OPTIMIZATION_LEVEL = 0;
				GCC_PREPROCESSOR_DEFINITIONS = (
					"DEBUG=1",
					"$(inherited)",
				);
				GCC_WARN_64_TO_32_BIT_CONVERSION = YES;
				GCC_WARN_ABOUT_RETURN_TYPE = YES_ERROR;
				GCC_WARN_UNDECLARED_SELECTOR = YES;
				GCC_WARN_UNINITIALIZED_AUTOS = YES_AGGRESSIVE;
				GCC_WARN_UNUSED_FUNCTION = YES;
				GCC_WARN_UNUSED_VARIABLE = YES;
				IPHONEOS_DEPLOYMENT_TARGET = 10.3;
				MTL_ENABLE_DEBUG_INFO = YES;
				ONLY_ACTIVE_ARCH = YES;
				SDKROOT = iphoneos;
				SWIFT_ACTIVE_COMPILATION_CONDITIONS = DEBUG;
				SWIFT_OPTIMIZATION_LEVEL = "-Onone";
			};
			name = Debug;
		};
		683C78DB1EBECA9F009EE49F /* Release */ = {
			isa = XCBuildConfiguration;
			buildSettings = {
				ALWAYS_SEARCH_USER_PATHS = NO;
				CLANG_ANALYZER_NONNULL = YES;
				CLANG_ANALYZER_NUMBER_OBJECT_CONVERSION = YES_AGGRESSIVE;
				CLANG_CXX_LANGUAGE_STANDARD = "gnu++0x";
				CLANG_CXX_LIBRARY = "libc++";
				CLANG_ENABLE_MODULES = YES;
				CLANG_ENABLE_OBJC_ARC = YES;
				CLANG_WARN_BOOL_CONVERSION = YES;
				CLANG_WARN_CONSTANT_CONVERSION = YES;
				CLANG_WARN_DIRECT_OBJC_ISA_USAGE = YES_ERROR;
				CLANG_WARN_DOCUMENTATION_COMMENTS = YES;
				CLANG_WARN_EMPTY_BODY = YES;
				CLANG_WARN_ENUM_CONVERSION = YES;
				CLANG_WARN_INFINITE_RECURSION = YES;
				CLANG_WARN_INT_CONVERSION = YES;
				CLANG_WARN_OBJC_ROOT_CLASS = YES_ERROR;
				CLANG_WARN_SUSPICIOUS_MOVE = YES;
				CLANG_WARN_UNREACHABLE_CODE = YES;
				CLANG_WARN__DUPLICATE_METHOD_MATCH = YES;
				"CODE_SIGN_IDENTITY[sdk=iphoneos*]" = "iPhone Developer";
				COPY_PHASE_STRIP = NO;
				DEBUG_INFORMATION_FORMAT = "dwarf-with-dsym";
				ENABLE_NS_ASSERTIONS = NO;
				ENABLE_STRICT_OBJC_MSGSEND = YES;
				GCC_C_LANGUAGE_STANDARD = gnu99;
				GCC_NO_COMMON_BLOCKS = YES;
				GCC_WARN_64_TO_32_BIT_CONVERSION = YES;
				GCC_WARN_ABOUT_RETURN_TYPE = YES_ERROR;
				GCC_WARN_UNDECLARED_SELECTOR = YES;
				GCC_WARN_UNINITIALIZED_AUTOS = YES_AGGRESSIVE;
				GCC_WARN_UNUSED_FUNCTION = YES;
				GCC_WARN_UNUSED_VARIABLE = YES;
				IPHONEOS_DEPLOYMENT_TARGET = 10.3;
				MTL_ENABLE_DEBUG_INFO = NO;
				SDKROOT = iphoneos;
				SWIFT_OPTIMIZATION_LEVEL = "-Owholemodule";
				VALIDATE_PRODUCT = YES;
			};
			name = Release;
		};
		683C78DD1EBECA9F009EE49F /* Debug */ = {
			isa = XCBuildConfiguration;
			buildSettings = {
				ASSETCATALOG_COMPILER_APPICON_NAME = AppIcon;
				INFOPLIST_FILE = "My 1st test App/Info.plist";
				LD_RUNPATH_SEARCH_PATHS = "$(inherited) @executable_path/Frameworks";
				PRODUCT_BUNDLE_IDENTIFIER = "com.asaoka.My-1st-test-App";
				PRODUCT_NAME = "$(TARGET_NAME)";
				SWIFT_VERSION = 3.0;
			};
			name = Debug;
		};
		683C78DE1EBECA9F009EE49F /* Release */ = {
			isa = XCBuildConfiguration;
			buildSettings = {
				ASSETCATALOG_COMPILER_APPICON_NAME = AppIcon;
				INFOPLIST_FILE = "My 1st test App/Info.plist";
				LD_RUNPATH_SEARCH_PATHS = "$(inherited) @executable_path/Frameworks";
				PRODUCT_BUNDLE_IDENTIFIER = "com.asaoka.My-1st-test-App";
				PRODUCT_NAME = "$(TARGET_NAME)";
				SWIFT_VERSION = 3.0;
			};
			name = Release;
		};
		683C78E01EBECA9F009EE49F /* Debug */ = {
			isa = XCBuildConfiguration;
			buildSettings = {
				ALWAYS_EMBED_SWIFT_STANDARD_LIBRARIES = YES;
				BUNDLE_LOADER = "$(TEST_HOST)";
				INFOPLIST_FILE = "My 1st test AppTests/Info.plist";
				LD_RUNPATH_SEARCH_PATHS = "$(inherited) @executable_path/Frameworks @loader_path/Frameworks";
				PRODUCT_BUNDLE_IDENTIFIER = "com.asaoka.My-1st-test-AppTests";
				PRODUCT_NAME = "$(TARGET_NAME)";
				SWIFT_VERSION = 3.0;
				TEST_HOST = "$(BUILT_PRODUCTS_DIR)/My 1st test App.app/My 1st test App";
			};
			name = Debug;
		};
		683C78E11EBECA9F009EE49F /* Release */ = {
			isa = XCBuildConfiguration;
			buildSettings = {
				ALWAYS_EMBED_SWIFT_STANDARD_LIBRARIES = YES;
				BUNDLE_LOADER = "$(TEST_HOST)";
				INFOPLIST_FILE = "My 1st test AppTests/Info.plist";
				LD_RUNPATH_SEARCH_PATHS = "$(inherited) @executable_path/Frameworks @loader_path/Frameworks";
				PRODUCT_BUNDLE_IDENTIFIER = "com.asaoka.My-1st-test-AppTests";
				PRODUCT_NAME = "$(TARGET_NAME)";
				SWIFT_VERSION = 3.0;
				TEST_HOST = "$(BUILT_PRODUCTS_DIR)/My 1st test App.app/My 1st test App";
			};
			name = Release;
		};
		683C78E31EBECA9F009EE49F /* Debug */ = {
			isa = XCBuildConfiguration;
			buildSettings = {
				ALWAYS_EMBED_SWIFT_STANDARD_LIBRARIES = YES;
				INFOPLIST_FILE = "My 1st test AppUITests/Info.plist";
				LD_RUNPATH_SEARCH_PATHS = "$(inherited) @executable_path/Frameworks @loader_path/Frameworks";
				PRODUCT_BUNDLE_IDENTIFIER = "com.asaoka.My-1st-test-AppUITests";
				PRODUCT_NAME = "$(TARGET_NAME)";
				SWIFT_VERSION = 3.0;
				TEST_TARGET_NAME = "My 1st test App";
			};
			name = Debug;
		};
		683C78E41EBECA9F009EE49F /* Release */ = {
			isa = XCBuildConfiguration;
			buildSettings = {
				ALWAYS_EMBED_SWIFT_STANDARD_LIBRARIES = YES;
				INFOPLIST_FILE = "My 1st test AppUITests/Info.plist";
				LD_RUNPATH_SEARCH_PATHS = "$(inherited) @executable_path/Frameworks @loader_path/Frameworks";
				PRODUCT_BUNDLE_IDENTIFIER = "com.asaoka.My-1st-test-AppUITests";
				PRODUCT_NAME = "$(TARGET_NAME)";
				SWIFT_VERSION = 3.0;
				TEST_TARGET_NAME = "My 1st test App";
			};
			name = Release;
		};
/* End XCBuildConfiguration section */

/* Begin XCConfigurationList section */
		683C78AF1EBECA9F009EE49F /* Build configuration list for PBXProject "My 1st test App" */ = {
			isa = XCConfigurationList;
			buildConfigurations = (
				683C78DA1EBECA9F009EE49F /* Debug */,
				683C78DB1EBECA9F009EE49F /* Release */,
			);
			defaultConfigurationIsVisible = 0;
			defaultConfigurationName = Release;
		};
		683C78DC1EBECA9F009EE49F /* Build configuration list for PBXNativeTarget "My 1st test App" */ = {
			isa = XCConfigurationList;
			buildConfigurations = (
				683C78DD1EBECA9F009EE49F /* Debug */,
				683C78DE1EBECA9F009EE49F /* Release */,
			);
			defaultConfigurationIsVisible = 0;
		};
		683C78DF1EBECA9F009EE49F /* Build configuration list for PBXNativeTarget "My 1st test AppTests" */ = {
			isa = XCConfigurationList;
			buildConfigurations = (
				683C78E01EBECA9F009EE49F /* Debug */,
				683C78E11EBECA9F009EE49F /* Release */,
			);
			defaultConfigurationIsVisible = 0;
		};
		683C78E21EBECA9F009EE49F /* Build configuration list for PBXNativeTarget "My 1st test AppUITests" */ = {
			isa = XCConfigurationList;
			buildConfigurations = (
				683C78E31EBECA9F009EE49F /* Debug */,
				683C78E41EBECA9F009EE49F /* Release */,
			);
			defaultConfigurationIsVisible = 0;
		};
/* End XCConfigurationList section */
	};
	rootObject = 683C78AC1EBECA9F009EE49F /* Project object */;
}
